// !$*UTF8*$!
{
	archiveVersion = 1;
	classes = {
	};
	objectVersion = 50;
	objects = {

/* Begin PBXBuildFile section */
		C4C50671258B1A00003500E3 /* Tests_iOS.swift in Sources */ = {isa = PBXBuildFile; fileRef = C4C50670258B1A00003500E3 /* Tests_iOS.swift */; };
		C4C5067C258B1A00003500E3 /* Tests_macOS.swift in Sources */ = {isa = PBXBuildFile; fileRef = C4C5067B258B1A00003500E3 /* Tests_macOS.swift */; };
		C4C5067E258B1A00003500E3 /* ViewsAndModifiersApp.swift in Sources */ = {isa = PBXBuildFile; fileRef = C4C50655258B19FC003500E3 /* ViewsAndModifiersApp.swift */; };
		C4C5067F258B1A00003500E3 /* ViewsAndModifiersApp.swift in Sources */ = {isa = PBXBuildFile; fileRef = C4C50655258B19FC003500E3 /* ViewsAndModifiersApp.swift */; };
		C4C50680258B1A00003500E3 /* ContentView.swift in Sources */ = {isa = PBXBuildFile; fileRef = C4C50656258B19FC003500E3 /* ContentView.swift */; };
		C4C50681258B1A00003500E3 /* ContentView.swift in Sources */ = {isa = PBXBuildFile; fileRef = C4C50656258B19FC003500E3 /* ContentView.swift */; };
		C4C50682258B1A00003500E3 /* Assets.xcassets in Resources */ = {isa = PBXBuildFile; fileRef = C4C50657258B1A00003500E3 /* Assets.xcassets */; };
		C4C50683258B1A00003500E3 /* Assets.xcassets in Resources */ = {isa = PBXBuildFile; fileRef = C4C50657258B1A00003500E3 /* Assets.xcassets */; };
/* End PBXBuildFile section */

/* Begin PBXContainerItemProxy section */
		C4C5066D258B1A00003500E3 /* PBXContainerItemProxy */ = {
			isa = PBXContainerItemProxy;
			containerPortal = C4C50650258B19FC003500E3 /* Project object */;
			proxyType = 1;
			remoteGlobalIDString = C4C5065B258B1A00003500E3;
			remoteInfo = "ViewsAndModifiers (iOS)";
		};
		C4C50678258B1A00003500E3 /* PBXContainerItemProxy */ = {
			isa = PBXContainerItemProxy;
			containerPortal = C4C50650258B19FC003500E3 /* Project object */;
			proxyType = 1;
			remoteGlobalIDString = C4C50663258B1A00003500E3;
			remoteInfo = "ViewsAndModifiers (macOS)";
		};
/* End PBXContainerItemProxy section */

/* Begin PBXFileReference section */
		C4C50655258B19FC003500E3 /* ViewsAndModifiersApp.swift */ = {isa = PBXFileReference; lastKnownFileType = sourcecode.swift; path = ViewsAndModifiersApp.swift; sourceTree = "<group>"; };
		C4C50656258B19FC003500E3 /* ContentView.swift */ = {isa = PBXFileReference; lastKnownFileType = sourcecode.swift; path = ContentView.swift; sourceTree = "<group>"; };
		C4C50657258B1A00003500E3 /* Assets.xcassets */ = {isa = PBXFileReference; lastKnownFileType = folder.assetcatalog; path = Assets.xcassets; sourceTree = "<group>"; };
		C4C5065C258B1A00003500E3 /* ViewsAndModifiers.app */ = {isa = PBXFileReference; explicitFileType = wrapper.application; includeInIndex = 0; path = ViewsAndModifiers.app; sourceTree = BUILT_PRODUCTS_DIR; };
		C4C5065F258B1A00003500E3 /* Info.plist */ = {isa = PBXFileReference; lastKnownFileType = text.plist.xml; path = Info.plist; sourceTree = "<group>"; };
		C4C50664258B1A00003500E3 /* ViewsAndModifiers.app */ = {isa = PBXFileReference; explicitFileType = wrapper.application; includeInIndex = 0; path = ViewsAndModifiers.app; sourceTree = BUILT_PRODUCTS_DIR; };
		C4C50666258B1A00003500E3 /* Info.plist */ = {isa = PBXFileReference; lastKnownFileType = text.plist.xml; path = Info.plist; sourceTree = "<group>"; };
		C4C50667258B1A00003500E3 /* macOS.entitlements */ = {isa = PBXFileReference; lastKnownFileType = text.plist.entitlements; path = macOS.entitlements; sourceTree = "<group>"; };
		C4C5066C258B1A00003500E3 /* Tests iOS.xctest */ = {isa = PBXFileReference; explicitFileType = wrapper.cfbundle; includeInIndex = 0; path = "Tests iOS.xctest"; sourceTree = BUILT_PRODUCTS_DIR; };
		C4C50670258B1A00003500E3 /* Tests_iOS.swift */ = {isa = PBXFileReference; lastKnownFileType = sourcecode.swift; path = Tests_iOS.swift; sourceTree = "<group>"; };
		C4C50672258B1A00003500E3 /* Info.plist */ = {isa = PBXFileReference; lastKnownFileType = text.plist.xml; path = Info.plist; sourceTree = "<group>"; };
		C4C50677258B1A00003500E3 /* Tests macOS.xctest */ = {isa = PBXFileReference; explicitFileType = wrapper.cfbundle; includeInIndex = 0; path = "Tests macOS.xctest"; sourceTree = BUILT_PRODUCTS_DIR; };
		C4C5067B258B1A00003500E3 /* Tests_macOS.swift */ = {isa = PBXFileReference; lastKnownFileType = sourcecode.swift; path = Tests_macOS.swift; sourceTree = "<group>"; };
		C4C5067D258B1A00003500E3 /* Info.plist */ = {isa = PBXFileReference; lastKnownFileType = text.plist.xml; path = Info.plist; sourceTree = "<group>"; };
/* End PBXFileReference section */

/* Begin PBXFrameworksBuildPhase section */
		C4C50659258B1A00003500E3 /* Frameworks */ = {
			isa = PBXFrameworksBuildPhase;
			buildActionMask = 2147483647;
			files = (
			);
			runOnlyForDeploymentPostprocessing = 0;
		};
		C4C50661258B1A00003500E3 /* Frameworks */ = {
			isa = PBXFrameworksBuildPhase;
			buildActionMask = 2147483647;
			files = (
			);
			runOnlyForDeploymentPostprocessing = 0;
		};
		C4C50669258B1A00003500E3 /* Frameworks */ = {
			isa = PBXFrameworksBuildPhase;
			buildActionMask = 2147483647;
			files = (
			);
			runOnlyForDeploymentPostprocessing = 0;
		};
		C4C50674258B1A00003500E3 /* Frameworks */ = {
			isa = PBXFrameworksBuildPhase;
			buildActionMask = 2147483647;
			files = (
			);
			runOnlyForDeploymentPostprocessing = 0;
		};
/* End PBXFrameworksBuildPhase section */

/* Begin PBXGroup section */
		C4C5064F258B19FC003500E3 = {
			isa = PBXGroup;
			children = (
				C4C50654258B19FC003500E3 /* Shared */,
				C4C5065E258B1A00003500E3 /* iOS */,
				C4C50665258B1A00003500E3 /* macOS */,
				C4C5066F258B1A00003500E3 /* Tests iOS */,
				C4C5067A258B1A00003500E3 /* Tests macOS */,
				C4C5065D258B1A00003500E3 /* Products */,
			);
			sourceTree = "<group>";
		};
		C4C50654258B19FC003500E3 /* Shared */ = {
			isa = PBXGroup;
			children = (
				C4C50655258B19FC003500E3 /* ViewsAndModifiersApp.swift */,
				C4C50656258B19FC003500E3 /* ContentView.swift */,
				C4C50657258B1A00003500E3 /* Assets.xcassets */,
			);
			path = Shared;
			sourceTree = "<group>";
		};
		C4C5065D258B1A00003500E3 /* Products */ = {
			isa = PBXGroup;
			children = (
				C4C5065C258B1A00003500E3 /* ViewsAndModifiers.app */,
				C4C50664258B1A00003500E3 /* ViewsAndModifiers.app */,
				C4C5066C258B1A00003500E3 /* Tests iOS.xctest */,
				C4C50677258B1A00003500E3 /* Tests macOS.xctest */,
			);
			name = Products;
			sourceTree = "<group>";
		};
		C4C5065E258B1A00003500E3 /* iOS */ = {
			isa = PBXGroup;
			children = (
				C4C5065F258B1A00003500E3 /* Info.plist */,
			);
			path = iOS;
			sourceTree = "<group>";
		};
		C4C50665258B1A00003500E3 /* macOS */ = {
			isa = PBXGroup;
			children = (
				C4C50666258B1A00003500E3 /* Info.plist */,
				C4C50667258B1A00003500E3 /* macOS.entitlements */,
			);
			path = macOS;
			sourceTree = "<group>";
		};
		C4C5066F258B1A00003500E3 /* Tests iOS */ = {
			isa = PBXGroup;
			children = (
				C4C50670258B1A00003500E3 /* Tests_iOS.swift */,
				C4C50672258B1A00003500E3 /* Info.plist */,
			);
			path = "Tests iOS";
			sourceTree = "<group>";
		};
		C4C5067A258B1A00003500E3 /* Tests macOS */ = {
			isa = PBXGroup;
			children = (
				C4C5067B258B1A00003500E3 /* Tests_macOS.swift */,
				C4C5067D258B1A00003500E3 /* Info.plist */,
			);
			path = "Tests macOS";
			sourceTree = "<group>";
		};
/* End PBXGroup section */

/* Begin PBXNativeTarget section */
		C4C5065B258B1A00003500E3 /* ViewsAndModifiers (iOS) */ = {
			isa = PBXNativeTarget;
			buildConfigurationList = C4C50686258B1A00003500E3 /* Build configuration list for PBXNativeTarget "ViewsAndModifiers (iOS)" */;
			buildPhases = (
				C4C50658258B1A00003500E3 /* Sources */,
				C4C50659258B1A00003500E3 /* Frameworks */,
				C4C5065A258B1A00003500E3 /* Resources */,
			);
			buildRules = (
			);
			dependencies = (
			);
			name = "ViewsAndModifiers (iOS)";
			productName = "ViewsAndModifiers (iOS)";
			productReference = C4C5065C258B1A00003500E3 /* ViewsAndModifiers.app */;
			productType = "com.apple.product-type.application";
		};
		C4C50663258B1A00003500E3 /* ViewsAndModifiers (macOS) */ = {
			isa = PBXNativeTarget;
			buildConfigurationList = C4C50689258B1A00003500E3 /* Build configuration list for PBXNativeTarget "ViewsAndModifiers (macOS)" */;
			buildPhases = (
				C4C50660258B1A00003500E3 /* Sources */,
				C4C50661258B1A00003500E3 /* Frameworks */,
				C4C50662258B1A00003500E3 /* Resources */,
			);
			buildRules = (
			);
			dependencies = (
			);
			name = "ViewsAndModifiers (macOS)";
			productName = "ViewsAndModifiers (macOS)";
			productReference = C4C50664258B1A00003500E3 /* ViewsAndModifiers.app */;
			productType = "com.apple.product-type.application";
		};
		C4C5066B258B1A00003500E3 /* Tests iOS */ = {
			isa = PBXNativeTarget;
			buildConfigurationList = C4C5068C258B1A00003500E3 /* Build configuration list for PBXNativeTarget "Tests iOS" */;
			buildPhases = (
				C4C50668258B1A00003500E3 /* Sources */,
				C4C50669258B1A00003500E3 /* Frameworks */,
				C4C5066A258B1A00003500E3 /* Resources */,
			);
			buildRules = (
			);
			dependencies = (
				C4C5066E258B1A00003500E3 /* PBXTargetDependency */,
			);
			name = "Tests iOS";
			productName = "Tests iOS";
			productReference = C4C5066C258B1A00003500E3 /* Tests iOS.xctest */;
			productType = "com.apple.product-type.bundle.ui-testing";
		};
		C4C50676258B1A00003500E3 /* Tests macOS */ = {
			isa = PBXNativeTarget;
			buildConfigurationList = C4C5068F258B1A00003500E3 /* Build configuration list for PBXNativeTarget "Tests macOS" */;
			buildPhases = (
				C4C50673258B1A00003500E3 /* Sources */,
				C4C50674258B1A00003500E3 /* Frameworks */,
				C4C50675258B1A00003500E3 /* Resources */,
			);
			buildRules = (
			);
			dependencies = (
				C4C50679258B1A00003500E3 /* PBXTargetDependency */,
			);
			name = "Tests macOS";
			productName = "Tests macOS";
			productReference = C4C50677258B1A00003500E3 /* Tests macOS.xctest */;
			productType = "com.apple.product-type.bundle.ui-testing";
		};
/* End PBXNativeTarget section */

/* Begin PBXProject section */
		C4C50650258B19FC003500E3 /* Project object */ = {
			isa = PBXProject;
			attributes = {
				LastSwiftUpdateCheck = 1230;
				LastUpgradeCheck = 1230;
				TargetAttributes = {
					C4C5065B258B1A00003500E3 = {
						CreatedOnToolsVersion = 12.3;
					};
					C4C50663258B1A00003500E3 = {
						CreatedOnToolsVersion = 12.3;
					};
					C4C5066B258B1A00003500E3 = {
						CreatedOnToolsVersion = 12.3;
						TestTargetID = C4C5065B258B1A00003500E3;
					};
					C4C50676258B1A00003500E3 = {
						CreatedOnToolsVersion = 12.3;
						TestTargetID = C4C50663258B1A00003500E3;
					};
				};
			};
			buildConfigurationList = C4C50653258B19FC003500E3 /* Build configuration list for PBXProject "ViewsAndModifiers" */;
			compatibilityVersion = "Xcode 9.3";
			developmentRegion = en;
			hasScannedForEncodings = 0;
			knownRegions = (
				en,
				Base,
			);
			mainGroup = C4C5064F258B19FC003500E3;
			productRefGroup = C4C5065D258B1A00003500E3 /* Products */;
			projectDirPath = "";
			projectRoot = "";
			targets = (
				C4C5065B258B1A00003500E3 /* ViewsAndModifiers (iOS) */,
				C4C50663258B1A00003500E3 /* ViewsAndModifiers (macOS) */,
				C4C5066B258B1A00003500E3 /* Tests iOS */,
				C4C50676258B1A00003500E3 /* Tests macOS */,
			);
		};
/* End PBXProject section */

/* Begin PBXResourcesBuildPhase section */
		C4C5065A258B1A00003500E3 /* Resources */ = {
			isa = PBXResourcesBuildPhase;
			buildActionMask = 2147483647;
			files = (
				C4C50682258B1A00003500E3 /* Assets.xcassets in Resources */,
			);
			runOnlyForDeploymentPostprocessing = 0;
		};
		C4C50662258B1A00003500E3 /* Resources */ = {
			isa = PBXResourcesBuildPhase;
			buildActionMask = 2147483647;
			files = (
				C4C50683258B1A00003500E3 /* Assets.xcassets in Resources */,
			);
			runOnlyForDeploymentPostprocessing = 0;
		};
		C4C5066A258B1A00003500E3 /* Resources */ = {
			isa = PBXResourcesBuildPhase;
			buildActionMask = 2147483647;
			files = (
			);
			runOnlyForDeploymentPostprocessing = 0;
		};
		C4C50675258B1A00003500E3 /* Resources */ = {
			isa = PBXResourcesBuildPhase;
			buildActionMask = 2147483647;
			files = (
			);
			runOnlyForDeploymentPostprocessing = 0;
		};
/* End PBXResourcesBuildPhase section */

/* Begin PBXSourcesBuildPhase section */
		C4C50658258B1A00003500E3 /* Sources */ = {
			isa = PBXSourcesBuildPhase;
			buildActionMask = 2147483647;
			files = (
				C4C50680258B1A00003500E3 /* ContentView.swift in Sources */,
				C4C5067E258B1A00003500E3 /* ViewsAndModifiersApp.swift in Sources */,
			);
			runOnlyForDeploymentPostprocessing = 0;
		};
		C4C50660258B1A00003500E3 /* Sources */ = {
			isa = PBXSourcesBuildPhase;
			buildActionMask = 2147483647;
			files = (
				C4C50681258B1A00003500E3 /* ContentView.swift in Sources */,
				C4C5067F258B1A00003500E3 /* ViewsAndModifiersApp.swift in Sources */,
			);
			runOnlyForDeploymentPostprocessing = 0;
		};
		C4C50668258B1A00003500E3 /* Sources */ = {
			isa = PBXSourcesBuildPhase;
			buildActionMask = 2147483647;
			files = (
				C4C50671258B1A00003500E3 /* Tests_iOS.swift in Sources */,
			);
			runOnlyForDeploymentPostprocessing = 0;
		};
		C4C50673258B1A00003500E3 /* Sources */ = {
			isa = PBXSourcesBuildPhase;
			buildActionMask = 2147483647;
			files = (
				C4C5067C258B1A00003500E3 /* Tests_macOS.swift in Sources */,
			);
			runOnlyForDeploymentPostprocessing = 0;
		};
/* End PBXSourcesBuildPhase section */

/* Begin PBXTargetDependency section */
		C4C5066E258B1A00003500E3 /* PBXTargetDependency */ = {
			isa = PBXTargetDependency;
			target = C4C5065B258B1A00003500E3 /* ViewsAndModifiers (iOS) */;
			targetProxy = C4C5066D258B1A00003500E3 /* PBXContainerItemProxy */;
		};
		C4C50679258B1A00003500E3 /* PBXTargetDependency */ = {
			isa = PBXTargetDependency;
			target = C4C50663258B1A00003500E3 /* ViewsAndModifiers (macOS) */;
			targetProxy = C4C50678258B1A00003500E3 /* PBXContainerItemProxy */;
		};
/* End PBXTargetDependency section */

/* Begin XCBuildConfiguration section */
		C4C50684258B1A00003500E3 /* Debug */ = {
			isa = XCBuildConfiguration;
			buildSettings = {
				ALWAYS_SEARCH_USER_PATHS = NO;
				CLANG_ANALYZER_NONNULL = YES;
				CLANG_ANALYZER_NUMBER_OBJECT_CONVERSION = YES_AGGRESSIVE;
				CLANG_CXX_LANGUAGE_STANDARD = "gnu++14";
				CLANG_CXX_LIBRARY = "libc++";
				CLANG_ENABLE_MODULES = YES;
				CLANG_ENABLE_OBJC_ARC = YES;
				CLANG_ENABLE_OBJC_WEAK = YES;
				CLANG_WARN_BLOCK_CAPTURE_AUTORELEASING = YES;
				CLANG_WARN_BOOL_CONVERSION = YES;
				CLANG_WARN_COMMA = YES;
				CLANG_WARN_CONSTANT_CONVERSION = YES;
				CLANG_WARN_DEPRECATED_OBJC_IMPLEMENTATIONS = YES;
				CLANG_WARN_DIRECT_OBJC_ISA_USAGE = YES_ERROR;
				CLANG_WARN_DOCUMENTATION_COMMENTS = YES;
				CLANG_WARN_EMPTY_BODY = YES;
				CLANG_WARN_ENUM_CONVERSION = YES;
				CLANG_WARN_INFINITE_RECURSION = YES;
				CLANG_WARN_INT_CONVERSION = YES;
				CLANG_WARN_NON_LITERAL_NULL_CONVERSION = YES;
				CLANG_WARN_OBJC_IMPLICIT_RETAIN_SELF = YES;
				CLANG_WARN_OBJC_LITERAL_CONVERSION = YES;
				CLANG_WARN_OBJC_ROOT_CLASS = YES_ERROR;
				CLANG_WARN_QUOTED_INCLUDE_IN_FRAMEWORK_HEADER = YES;
				CLANG_WARN_RANGE_LOOP_ANALYSIS = YES;
				CLANG_WARN_STRICT_PROTOTYPES = YES;
				CLANG_WARN_SUSPICIOUS_MOVE = YES;
				CLANG_WARN_UNGUARDED_AVAILABILITY = YES_AGGRESSIVE;
				CLANG_WARN_UNREACHABLE_CODE = YES;
				CLANG_WARN__DUPLICATE_METHOD_MATCH = YES;
				COPY_PHASE_STRIP = NO;
				DEBUG_INFORMATION_FORMAT = dwarf;
				ENABLE_STRICT_OBJC_MSGSEND = YES;
				ENABLE_TESTABILITY = YES;
				GCC_C_LANGUAGE_STANDARD = gnu11;
				GCC_DYNAMIC_NO_PIC = NO;
				GCC_NO_COMMON_BLOCKS = YES;
				GCC_OPTIMIZATION_LEVEL = 0;
				GCC_PREPROCESSOR_DEFINITIONS = (
					"DEBUG=1",
					"$(inherited)",
				);
				GCC_WARN_64_TO_32_BIT_CONVERSION = YES;
				GCC_WARN_ABOUT_RETURN_TYPE = YES_ERROR;
				GCC_WARN_UNDECLARED_SELECTOR = YES;
				GCC_WARN_UNINITIALIZED_AUTOS = YES_AGGRESSIVE;
				GCC_WARN_UNUSED_FUNCTION = YES;
				GCC_WARN_UNUSED_VARIABLE = YES;
				MTL_ENABLE_DEBUG_INFO = INCLUDE_SOURCE;
				MTL_FAST_MATH = YES;
				ONLY_ACTIVE_ARCH = YES;
				SWIFT_ACTIVE_COMPILATION_CONDITIONS = DEBUG;
				SWIFT_OPTIMIZATION_LEVEL = "-Onone";
			};
			name = Debug;
		};
		C4C50685258B1A00003500E3 /* Release */ = {
			isa = XCBuildConfiguration;
			buildSettings = {
				ALWAYS_SEARCH_USER_PATHS = NO;
				CLANG_ANALYZER_NONNULL = YES;
				CLANG_ANALYZER_NUMBER_OBJECT_CONVERSION = YES_AGGRESSIVE;
				CLANG_CXX_LANGUAGE_STANDARD = "gnu++14";
				CLANG_CXX_LIBRARY = "libc++";
				CLANG_ENABLE_MODULES = YES;
				CLANG_ENABLE_OBJC_ARC = YES;
				CLANG_ENABLE_OBJC_WEAK = YES;
				CLANG_WARN_BLOCK_CAPTURE_AUTORELEASING = YES;
				CLANG_WARN_BOOL_CONVERSION = YES;
				CLANG_WARN_COMMA = YES;
				CLANG_WARN_CONSTANT_CONVERSION = YES;
				CLANG_WARN_DEPRECATED_OBJC_IMPLEMENTATIONS = YES;
				CLANG_WARN_DIRECT_OBJC_ISA_USAGE = YES_ERROR;
				CLANG_WARN_DOCUMENTATION_COMMENTS = YES;
				CLANG_WARN_EMPTY_BODY = YES;
				CLANG_WARN_ENUM_CONVERSION = YES;
				CLANG_WARN_INFINITE_RECURSION = YES;
				CLANG_WARN_INT_CONVERSION = YES;
				CLANG_WARN_NON_LITERAL_NULL_CONVERSION = YES;
				CLANG_WARN_OBJC_IMPLICIT_RETAIN_SELF = YES;
				CLANG_WARN_OBJC_LITERAL_CONVERSION = YES;
				CLANG_WARN_OBJC_ROOT_CLASS = YES_ERROR;
				CLANG_WARN_QUOTED_INCLUDE_IN_FRAMEWORK_HEADER = YES;
				CLANG_WARN_RANGE_LOOP_ANALYSIS = YES;
				CLANG_WARN_STRICT_PROTOTYPES = YES;
				CLANG_WARN_SUSPICIOUS_MOVE = YES;
				CLANG_WARN_UNGUARDED_AVAILABILITY = YES_AGGRESSIVE;
				CLANG_WARN_UNREACHABLE_CODE = YES;
				CLANG_WARN__DUPLICATE_METHOD_MATCH = YES;
				COPY_PHASE_STRIP = NO;
				DEBUG_INFORMATION_FORMAT = "dwarf-with-dsym";
				ENABLE_NS_ASSERTIONS = NO;
				ENABLE_STRICT_OBJC_MSGSEND = YES;
				GCC_C_LANGUAGE_STANDARD = gnu11;
				GCC_NO_COMMON_BLOCKS = YES;
				GCC_WARN_64_TO_32_BIT_CONVERSION = YES;
				GCC_WARN_ABOUT_RETURN_TYPE = YES_ERROR;
				GCC_WARN_UNDECLARED_SELECTOR = YES;
				GCC_WARN_UNINITIALIZED_AUTOS = YES_AGGRESSIVE;
				GCC_WARN_UNUSED_FUNCTION = YES;
				GCC_WARN_UNUSED_VARIABLE = YES;
				MTL_ENABLE_DEBUG_INFO = NO;
				MTL_FAST_MATH = YES;
				SWIFT_COMPILATION_MODE = wholemodule;
				SWIFT_OPTIMIZATION_LEVEL = "-O";
			};
			name = Release;
		};
		C4C50687258B1A00003500E3 /* Debug */ = {
			isa = XCBuildConfiguration;
			buildSettings = {
				ASSETCATALOG_COMPILER_APPICON_NAME = AppIcon;
				ASSETCATALOG_COMPILER_GLOBAL_ACCENT_COLOR_NAME = AccentColor;
				CODE_SIGN_STYLE = Automatic;
				ENABLE_PREVIEWS = YES;
				INFOPLIST_FILE = iOS/Info.plist;
				IPHONEOS_DEPLOYMENT_TARGET = 14.0;
				LD_RUNPATH_SEARCH_PATHS = (
					"$(inherited)",
					"@executable_path/Frameworks",
				);
				PRODUCT_BUNDLE_IDENTIFIER = "Callum-McNeilage.ViewsAndModifiers";
				PRODUCT_NAME = ViewsAndModifiers;
				SDKROOT = iphoneos;
				SWIFT_VERSION = 5.0;
				TARGETED_DEVICE_FAMILY = "1,2";
			};
			name = Debug;
		};
		C4C50688258B1A00003500E3 /* Release */ = {
			isa = XCBuildConfiguration;
			buildSettings = {
				ASSETCATALOG_COMPILER_APPICON_NAME = AppIcon;
				ASSETCATALOG_COMPILER_GLOBAL_ACCENT_COLOR_NAME = AccentColor;
				CODE_SIGN_STYLE = Automatic;
				ENABLE_PREVIEWS = YES;
				INFOPLIST_FILE = iOS/Info.plist;
				IPHONEOS_DEPLOYMENT_TARGET = 14.0;
				LD_RUNPATH_SEARCH_PATHS = (
					"$(inherited)",
					"@executable_path/Frameworks",
				);
				PRODUCT_BUNDLE_IDENTIFIER = "Callum-McNeilage.ViewsAndModifiers";
				PRODUCT_NAME = ViewsAndModifiers;
				SDKROOT = iphoneos;
				SWIFT_VERSION = 5.0;
				TARGETED_DEVICE_FAMILY = "1,2";
				VALIDATE_PRODUCT = YES;
			};
			name = Release;
		};
		C4C5068A258B1A00003500E3 /* Debug */ = {
			isa = XCBuildConfiguration;
			buildSettings = {
				ASSETCATALOG_COMPILER_APPICON_NAME = AppIcon;
				ASSETCATALOG_COMPILER_GLOBAL_ACCENT_COLOR_NAME = AccentColor;
				CODE_SIGN_ENTITLEMENTS = macOS/macOS.entitlements;
				CODE_SIGN_STYLE = Automatic;
				COMBINE_HIDPI_IMAGES = YES;
				ENABLE_PREVIEWS = YES;
				INFOPLIST_FILE = macOS/Info.plist;
				LD_RUNPATH_SEARCH_PATHS = (
					"$(inherited)",
					"@executable_path/../Frameworks",
				);
				MACOSX_DEPLOYMENT_TARGET = 11.0;
				PRODUCT_BUNDLE_IDENTIFIER = "Callum-McNeilage.ViewsAndModifiers";
				PRODUCT_NAME = ViewsAndModifiers;
				SDKROOT = macosx;
				SWIFT_VERSION = 5.0;
			};
			name = Debug;
		};
		C4C5068B258B1A00003500E3 /* Release */ = {
			isa = XCBuildConfiguration;
			buildSettings = {
				ASSETCATALOG_COMPILER_APPICON_NAME = AppIcon;
				ASSETCATALOG_COMPILER_GLOBAL_ACCENT_COLOR_NAME = AccentColor;
				CODE_SIGN_ENTITLEMENTS = macOS/macOS.entitlements;
				CODE_SIGN_STYLE = Automatic;
				COMBINE_HIDPI_IMAGES = YES;
				ENABLE_PREVIEWS = YES;
				INFOPLIST_FILE = macOS/Info.plist;
				LD_RUNPATH_SEARCH_PATHS = (
					"$(inherited)",
					"@executable_path/../Frameworks",
				);
				MACOSX_DEPLOYMENT_TARGET = 11.0;
				PRODUCT_BUNDLE_IDENTIFIER = "Callum-McNeilage.ViewsAndModifiers";
				PRODUCT_NAME = ViewsAndModifiers;
				SDKROOT = macosx;
				SWIFT_VERSION = 5.0;
			};
			name = Release;
		};
		C4C5068D258B1A00003500E3 /* Debug */ = {
			isa = XCBuildConfiguration;
			buildSettings = {
				ALWAYS_EMBED_SWIFT_STANDARD_LIBRARIES = YES;
				CODE_SIGN_STYLE = Automatic;
				INFOPLIST_FILE = "Tests iOS/Info.plist";
				IPHONEOS_DEPLOYMENT_TARGET = 14.3;
				LD_RUNPATH_SEARCH_PATHS = (
					"$(inherited)",
					"@executable_path/Frameworks",
					"@loader_path/Frameworks",
				);
				PRODUCT_BUNDLE_IDENTIFIER = "Callum-McNeilage.Tests-iOS";
				PRODUCT_NAME = "$(TARGET_NAME)";
				SDKROOT = iphoneos;
				SWIFT_VERSION = 5.0;
				TARGETED_DEVICE_FAMILY = "1,2";
				TEST_TARGET_NAME = "ViewsAndModifiers (iOS)";
			};
			name = Debug;
		};
		C4C5068E258B1A00003500E3 /* Release */ = {
			isa = XCBuildConfiguration;
			buildSettings = {
				ALWAYS_EMBED_SWIFT_STANDARD_LIBRARIES = YES;
				CODE_SIGN_STYLE = Automatic;
				INFOPLIST_FILE = "Tests iOS/Info.plist";
				IPHONEOS_DEPLOYMENT_TARGET = 14.3;
				LD_RUNPATH_SEARCH_PATHS = (
					"$(inherited)",
					"@executable_path/Frameworks",
					"@loader_path/Frameworks",
				);
				PRODUCT_BUNDLE_IDENTIFIER = "Callum-McNeilage.Tests-iOS";
				PRODUCT_NAME = "$(TARGET_NAME)";
				SDKROOT = iphoneos;
				SWIFT_VERSION = 5.0;
				TARGETED_DEVICE_FAMILY = "1,2";
				TEST_TARGET_NAME = "ViewsAndModifiers (iOS)";
				VALIDATE_PRODUCT = YES;
			};
			name = Release;
		};
		C4C50690258B1A00003500E3 /* Debug */ = {
			isa = XCBuildConfiguration;
			buildSettings = {
				ALWAYS_EMBED_SWIFT_STANDARD_LIBRARIES = YES;
				CODE_SIGN_STYLE = Automatic;
				COMBINE_HIDPI_IMAGES = YES;
				INFOPLIST_FILE = "Tests macOS/Info.plist";
				LD_RUNPATH_SEARCH_PATHS = (
					"$(inherited)",
					"@executable_path/../Frameworks",
					"@loader_path/../Frameworks",
				);
				MACOSX_DEPLOYMENT_TARGET = 11.1;
				PRODUCT_BUNDLE_IDENTIFIER = "Callum-McNeilage.Tests-macOS";
				PRODUCT_NAME = "$(TARGET_NAME)";
				SDKROOT = macosx;
				SWIFT_VERSION = 5.0;
				TEST_TARGET_NAME = "ViewsAndModifiers (macOS)";
			};
			name = Debug;
		};
		C4C50691258B1A00003500E3 /* Release */ = {
			isa = XCBuildConfiguration;
			buildSettings = {
				ALWAYS_EMBED_SWIFT_STANDARD_LIBRARIES = YES;
				CODE_SIGN_STYLE = Automatic;
				COMBINE_HIDPI_IMAGES = YES;
				INFOPLIST_FILE = "Tests macOS/Info.plist";
				LD_RUNPATH_SEARCH_PATHS = (
					"$(inherited)",
					"@executable_path/../Frameworks",
					"@loader_path/../Frameworks",
				);
				MACOSX_DEPLOYMENT_TARGET = 11.1;
				PRODUCT_BUNDLE_IDENTIFIER = "Callum-McNeilage.Tests-macOS";
				PRODUCT_NAME = "$(TARGET_NAME)";
				SDKROOT = macosx;
				SWIFT_VERSION = 5.0;
				TEST_TARGET_NAME = "ViewsAndModifiers (macOS)";
			};
			name = Release;
		};
/* End XCBuildConfiguration section */

/* Begin XCConfigurationList section */
		C4C50653258B19FC003500E3 /* Build configuration list for PBXProject "ViewsAndModifiers" */ = {
			isa = XCConfigurationList;
			buildConfigurations = (
				C4C50684258B1A00003500E3 /* Debug */,
				C4C50685258B1A00003500E3 /* Release */,
			);
			defaultConfigurationIsVisible = 0;
			defaultConfigurationName = Release;
		};
		C4C50686258B1A00003500E3 /* Build configuration list for PBXNativeTarget "ViewsAndModifiers (iOS)" */ = {
			isa = XCConfigurationList;
			buildConfigurations = (
				C4C50687258B1A00003500E3 /* Debug */,
				C4C50688258B1A00003500E3 /* Release */,
			);
			defaultConfigurationIsVisible = 0;
			defaultConfigurationName = Release;
		};
		C4C50689258B1A00003500E3 /* Build configuration list for PBXNativeTarget "ViewsAndModifiers (macOS)" */ = {
			isa = XCConfigurationList;
			buildConfigurations = (
				C4C5068A258B1A00003500E3 /* Debug */,
				C4C5068B258B1A00003500E3 /* Release */,
			);
			defaultConfigurationIsVisible = 0;
			defaultConfigurationName = Release;
		};
		C4C5068C258B1A00003500E3 /* Build configuration list for PBXNativeTarget "Tests iOS" */ = {
			isa = XCConfigurationList;
			buildConfigurations = (
				C4C5068D258B1A00003500E3 /* Debug */,
				C4C5068E258B1A00003500E3 /* Release */,
			);
			defaultConfigurationIsVisible = 0;
			defaultConfigurationName = Release;
		};
		C4C5068F258B1A00003500E3 /* Build configuration list for PBXNativeTarget "Tests macOS" */ = {
			isa = XCConfigurationList;
			buildConfigurations = (
				C4C50690258B1A00003500E3 /* Debug */,
				C4C50691258B1A00003500E3 /* Release */,
			);
			defaultConfigurationIsVisible = 0;
			defaultConfigurationName = Release;
		};
/* End XCConfigurationList section */
	};
	rootObject = C4C50650258B19FC003500E3 /* Project object */;
}
